{
  "name": "ethds",
  "version": "0.0.0",
  "lockfileVersion": 3,
  "requires": true,
  "packages": {
    "": {
      "name": "ethds",
      "version": "0.0.0",
      "license": "MIT",
      "workspaces": [
        "packages/*"
      ],
      "engines": {
        "node": ">=20"
      }
    },
    "node_modules/@ethds/icons": {
      "resolved": "packages/ethds-icons",
      "link": true
    },
    "node_modules/@ethds/patterns": {
      "resolved": "packages/ethds-patterns",
      "link": true
    },
    "node_modules/@ethds/react": {
      "resolved": "packages/ethds-react",
      "link": true
    },
    "node_modules/@ethds/templates": {
      "resolved": "packages/ethds-templates",
      "link": true
    },
    "node_modules/@ethds/tokens": {
      "resolved": "packages/ethds-tokens",
      "link": true
    },
    "node_modules/ethds-docs": {
      "resolved": "packages/ethds-docs",
      "link": true
    },
    "node_modules/ethds-examples": {
      "resolved": "packages/ethds-examples",
      "link": true
    },
    "node_modules/ethds-rfcs": {
      "resolved": "packages/ethds-rfcs",
      "link": true
    },
    "packages/ethds-docs": {
      "version": "0.0.0"
    },
    "packages/ethds-examples": {
      "version": "0.0.0"
    },
    "packages/ethds-icons": {
      "name": "@ethds/icons",
      "version": "0.0.0"
    },
    "packages/ethds-patterns": {
      "name": "@ethds/patterns",
      "version": "0.0.0"
    },
    "packages/ethds-react": {
      "name": "@ethds/react",
      "version": "0.0.0"
    },
    "packages/ethds-rfcs": {
      "version": "0.0.0"
    },
    "packages/ethds-templates": {
      "name": "@ethds/templates",
      "version": "0.0.0"
    },
    "packages/ethds-tokens": {
      "name": "@ethds/tokens",
      "version": "0.0.0"
    }
  }
}
